version = 1
revision = 1
requires-python = "==3.12.*"

[[package]]
name = "certifi"
version = "2026.7.22"
source = { registry = "https://pypi.org/simple" }
sdist = { url = "https://files.pythonhosted.org/packages/a3/c2/24167ea9858356b47a87a50d39908bfdb72ceeefe0041586e704e5376b3a/certifi-2026.7.22.tar.gz", hash = "sha256:741e2c3b351ddf169a738da9f2c048608ff7f2c5cc02f1ebc6b118bb090d5d55", size = 138112 }
wheels = [
    { url = "https://files.pythonhosted.org/packages/0b/a7/71ac2cff56fec219ed242bb11b8efb69fcc4bec75db06fb7bfe35de520e6/certifi-2026.7.22-py3-none-any.whl", hash = "sha256:62f22742b58a1a33014a2b6b706588a8d7e2a88ae7bd1a6ebe8c992928483775", size = 136983 },
]

[[package]]
name = "charset-normalizer"
version = "3.5.1"
source = { registry = "https://pypi.org/simple" }
sdist = { url = "https://files.pythonhosted.org/packages/e5/3f/143b048436775b0f76ac3eec145c019e8173ccc2885c8f20319b996d5e83/charset_normalizer-3.5.1.tar.gz", hash = "sha256:6117b84ea48435e5356dc737f5121485c30920ba43375fa7b434fd753df0eac3", size = 171764 }
wheels = [
    { url = "https://files.pythonhosted.org/packages/30/27/78873dc8b6a56357517b74b6bb9568b80450e7bb4f6ef7e3fa9d22aa0bd7/charset_normalizer-3.5.1-cp312-cp312-macosx_10_13_universal2.whl", hash = "sha256:5b6d1386bf0096d26d3a863dc0a487a5b4eb9aa93cf5ba69683d29dde6b9d60f", size = 344456 },
    { url = "https://files.pythonhosted.org/packages/9a/4c/be49ada26b1f0232d57aa89bbebf997a5cc2332a5616b6eca26ff680044d/charset_normalizer-3.5.1-cp312-cp312-manylinux2014_aarch64.manylinux_2_17_aarch64.manylinux_2_28_aarch64.whl", hash = "sha256:4582c27e8c889d64811987b5967fbd3ae0c823fe1fd933b543d55ac20bb475fa", size = 238530 },
    { url = "https://files.pythonhosted.org/packages/76/84/6f1290fa07ae6978d3960caa3eb1b8019bf9284ab7c2297b00c099ef4250/charset_normalizer-3.5.1-cp312-cp312-manylinux2014_armv7l.manylinux_2_17_armv7l.manylinux_2_31_armv7l.whl", hash = "sha256:1d1c7a53a6c2103925cdd6d7229f8c567379f211c869793df679f2e9f738c369", size = 230200 },
    { url = "https://files.pythonhosted.org/packages/e7/a0/47b18adeed31c8f16ba9700f32c1b18594cfa09f47eb672a488c273c22bf/charset_normalizer-3.5.1-cp312-cp312-manylinux2014_ppc64le.manylinux_2_17_ppc64le.manylinux_2_28_ppc64le.whl", hash = "sha256:e6621fb2a4988d6e53eedc455e5903e2679f3967b8acb3d639f1b63c14a2e893", size = 262222 },
    { url = "https://files.pythonhosted.org/packages/38/fe/341861ac118dae06f3ec0eb487488af52128f2ef2faf0b11003944d22259/charset_normalizer-3.5.1-cp312-cp312-manylinux2014_s390x.manylinux_2_17_s390x.manylinux_2_28_s390x.whl", hash = "sha256:7c0c10730342b0c9b35dd1d619beb8214e520bd96a1f870f452680b238aab3e0", size = 258951 },
    { url = "https://files.pythonhosted.org/packages/6f/89/bb5108dc6c3651dca963f2b0a3ba19bbcb370c94e1b6d3e0e844a58e6dca/charset_normalizer-3.5.1-cp312-cp312-manylinux2014_x86_64.manylinux_2_17_x86_64.manylinux_2_28_x86_64.whl", hash = "sha256:b9af956078716df40d985fb0dfeb2c2120c5ca92ba4ff4b388acfd01cdc14d08", size = 248801 },
    { url = "https://files.pythonhosted.org/packages/b1/ba/ef83ae3aca816393decfa3530976f38a79812d707b80b580ac33b83f9877/charset_normalizer-3.5.1-cp312-cp312-manylinux_2_31_riscv64.manylinux_2_39_riscv64.whl", hash = "sha256:f9f8405c2c758532c74fed975dbee57be1f31a6e865c031870c79a6ed3212ada", size = 244070 },
    { url = "https://files.pythonhosted.org/packages/f6/0b/c5292a2462d69b7378ea89793bbb5b2b6fcf6f7dd6d1667f9619094ad553/charset_normalizer-3.5.1-cp312-cp312-musllinux_1_2_aarch64.whl", hash = "sha256:96fef3e886d6a9874b14f27fc193fbdc69d5d8035783d86aa4e1cea594e695f9", size = 240110 },
    { url = "https://files.pythonhosted.org/packages/46/22/111e5be3b740d5c2a5bfcedb3d237b6591e5c2e82ae9d6ffcb121fe0909c/charset_normalizer-3.5.1-cp312-cp312-musllinux_1_2_armv7l.whl", hash = "sha256:5d8531a6569d025f68e2321e7638fb7978f23db58e5f69f56913837aae03816e", size = 232836 },
    { url = "https://files.pythonhosted.org/packages/f9/d2/d2aad6fe0dbb44b194bf3becb60f5a0ac48446ade999a47fe7bb41eb09a7/charset_normalizer-3.5.1-cp312-cp312-musllinux_1_2_ppc64le.whl", hash = "sha256:aae2ee51122d3ae968a3837d97dc24a0aeebb0dea23694422cd172bd30017cd6", size = 262712 },
    { url = "https://files.pythonhosted.org/packages/35/5a/337e4663a5eae6de99db940ee8066d4145caafb61327db62deda15313cce/charset_normalizer-3.5.1-cp312-cp312-musllinux_1_2_riscv64.whl", hash = "sha256:7235dc28fc6dd9d832ac7c7bce95367dedb85929f17368a0c2bee1e080b9acbf", size = 242977 },
    { url = "https://files.pythonhosted.org/packages/ca/85/f82f8a92e31c7519410e2e1afdc630f28ec47490ce2c09a11c1a43cbb459/charset_normalizer-3.5.1-cp312-cp312-musllinux_1_2_s390x.whl", hash = "sha256:4abdc5f9ad448c1ecbfae2974b820535d6bc6e7eef63babbab3d81cf46968c71", size = 260207 },
    { url = "https://files.pythonhosted.org/packages/b7/52/643d11ffd60e9ac2fd1fb87e167a19285b9eefeff4a40e63c87cbfbeab36/charset_normalizer-3.5.1-cp312-cp312-musllinux_1_2_x86_64.whl", hash = "sha256:ba501e667c17d8411f98e67a022d9604ef179aff0e459b7e292c796837c13573", size = 250562 },
    { url = "https://files.pythonhosted.org/packages/62/16/46556278c2168d12df9da7fede5dc6fc70e60301b26a82bbeec238c9cfe3/charset_normalizer-3.5.1-cp312-cp312-win32.whl", hash = "sha256:cfa1c0cc3a8f9f53f1243a5a99ac36fd003880199383b37672e86ddda9cb07e2", size = 178507 },
    { url = "https://files.pythonhosted.org/packages/9d/7a/4c6c298171e6b3e745633180ff59350fc0ca0db1ffd28df1e369e0579f71/charset_normalizer-3.5.1-cp312-cp312-win_amd64.whl", hash = "sha256:3617ac3cfd8b9888f145ad89dd6e692285834b0201c6074a5eeaad3fd4d668c2", size = 200551 },
    { url = "https://files.pythonhosted.org/packages/cd/d7/eb95a042f0dd22e304b0b6472b154f3546a1a039a9ee89ccb2a7f61591fc/charset_normalizer-3.5.1-cp312-cp312-win_arm64.whl", hash = "sha256:88e85ab89cb822c1e635f51d6d32e488f94e002e70e2f492bdb8b945543f345a", size = 180700 },
    { url = "https://files.pythonhosted.org/packages/5b/97/fb4e82231aba271ffd775a1b4993b0defc4e3059f286ae41d9433409fe85/charset_normalizer-3.5.1-cp37-abi3-macosx_10_9_universal2.whl", hash = "sha256:41876ee62a3dddf48ff1121ad8f0798032aa03f2fd35f21f34a4cab14f18d8d2", size = 331467 },
    { url = "https://files.pythonhosted.org/packages/9f/2f/fe3f187327aac18e2d54e9d2b08e15d27bf9b642d9e51c219f130fc34d1a/charset_normalizer-3.5.1-cp37-abi3-manylinux1_x86_64.manylinux_2_28_x86_64.manylinux_2_5_x86_64.whl", hash = "sha256:a6dac12ff6b846103483683f60c5f8fee205121adc58ffd87e90a90a3af69e99", size = 253057 },
    { url = "https://files.pythonhosted.org/packages/d7/c7/9e48cee5c161fe24da823b61bf381921d77cb994a0a4de148e95018c1984/charset_normalizer-3.5.1-cp37-abi3-manylinux2014_aarch64.manylinux_2_17_aarch64.manylinux_2_28_aarch64.whl", hash = "sha256:cee5dd7c6fb5dd52a0fe2a740f9bc6e3593f5f8b1788bde49de02086f30182b2", size = 240930 },
    { url = "https://files.pythonhosted.org/packages/49/e0/716601f3cc69be7b198951150c75ead1ece33c3c8036ff6ffa46029659a0/charset_normalizer-3.5.1-cp37-abi3-manylinux2014_armv7l.manylinux_2_17_armv7l.manylinux_2_31_armv7l.whl", hash = "sha256:343fb4f2821043bd87095f7b08a1a181febc8e36ac64212143bbfd0a0e1bc235", size = 230822 },
    { url = "https://files.pythonhosted.org/packages/d3/05/71bfc5caa0abcc45aea1f6a4d50ac68e59605ddc7666fe8494f4cd229665/charset_normalizer-3.5.1-cp37-abi3-manylinux2014_ppc64le.manylinux_2_17_ppc64le.manylinux_2_28_ppc64le.whl", hash = "sha256:ae4a097991662cd4fff0ddc74e0fe7874f82e00042fa0ea00855645ed0c79598", size = 260037 },
    { url = "https://files.pythonhosted.org/packages/c3/92/de7e32ed05341e7a9c4c877c318418197b7f2d66a3b68d561bf2ac57ca3e/charset_normalizer-3.5.1-cp37-abi3-manylinux2014_s390x.manylinux_2_17_s390x.manylinux_2_28_s390x.whl", hash = "sha256:4b599739b93b2cbeded49645ae3c8d1405c29ddfbceac1545c87a3f9580a9e96", size = 255097 },
    { url = "https://files.pythonhosted.org/packages/f5/7b/ade0a122600319dfa0b1000ab0f9731c94a817904cf3c5de408c73a4ede7/charset_normalizer-3.5.1-cp37-abi3-manylinux_2_31_riscv64.manylinux_2_39_riscv64.whl", hash = "sha256:b39b69b347e5e47a3b5b8cfc005c68c1ba347474e3960236c4944a8ecd174962", size = 250166 },
    { url = "https://files.pythonhosted.org/packages/75/9c/019fbb9f4834491a160951349b1a3714439376f66e5f7cf18b4f18f0c7aa/charset_normalizer-3.5.1-cp37-abi3-musllinux_1_2_aarch64.whl", hash = "sha256:a2028475ba855475b8b4d3cfeb4994269c967aea8b9892dfba907f4263a863a3", size = 241821 },
    { url = "https://files.pythonhosted.org/packages/2b/b8/11d4840bfc99330cc7fbcc2681ee5a044553a6e77655508d8f9b2bff7b34/charset_normalizer-3.5.1-cp37-abi3-musllinux_1_2_armv7l.whl", hash = "sha256:36047af20e17097c3bb9476c2b7655f2f7aa51322c0ba58c07695bedf755a950", size = 232529 },
    { url = "https://files.pythonhosted.org/packages/18/96/2b3a21492d9f65171ac75d872f5018260013d00bfa0ff70ec9f179148cbd/charset_normalizer-3.5.1-cp37-abi3-musllinux_1_2_ppc64le.whl", hash = "sha256:4c4fb141a727957c93edfe5c32a26ceb6b5f6461d67146e2d39f51e16170bea8", size = 260348 },
    { url = "https://files.pythonhosted.org/packages/d6/aa/a69a2028e8bd052476c245460ab19d7de595de084dd968f2d75cd50c3e25/charset_normalizer-3.5.1-cp37-abi3-musllinux_1_2_riscv64.whl", hash = "sha256:2f293479cce755c75f1697e87c409b7ae4c555c7dfecb6e988ad13abba943031", size = 247234 },
    { url = "https://files.pythonhosted.org/packages/35/8a/3d130aeabcaf3d2466af76b7b141c08d9e89c9016ab4b7cdd0f7dc2d1c62/charset_normalizer-3.5.1-cp37-abi3-musllinux_1_2_s390x.whl", hash = "sha256:3588e376b3ea2eea84976f67273d679f229e24c66dce7b82ae45aef04ff6e072", size = 256917 },
    { url = "https://files.pythonhosted.org/packages/80/c2/a7379b840292d0c1ab9fbd17d1f3967aa81794dc95bc74be8999d7fedcf7/charset_normalizer-3.5.1-cp37-abi3-musllinux_1_2_x86_64.whl", hash = "sha256:e199fb99720074809a7720f1c0b4d919eea8b87e88713e0f8f602f7bef543d9d", size = 254846 },
    { url = "https://files.pythonhosted.org/packages/01/65/d43b714731bb2f40d4053dfa00ecfc1c5a301f8e3316c5db3a09af59fe94/charset_normalizer-3.5.1-cp37-abi3-win32.whl", hash = "sha256:dd732602a7009217f658d5863d12d79d373a4de0eebc111094bcdd3bb8e0a6cc", size = 174216 },
    { url = "https://files.pythonhosted.org/packages/35/4f/b911ed898b26a09789eba9c9200c999aff6c61b4bafaf4838e56d1a1e1a3/charset_normalizer-3.5.1-cp37-abi3-win_amd64.whl", hash = "sha256:70055ff39b97c99e7ae40ea3e393fb62aa2e44dbd9b29f8d14f42fb0025c3959", size = 199764 },
    { url = "https://files.pythonhosted.org/packages/f0/a7/920baf467bfd9bf689f3b318340f37aee4572a71f162bd8db51da55ba4fa/charset_normalizer-3.5.1-cp37-abi3-win_arm64.whl", hash = "sha256:87e4f41d375c0b9be2fb5251aee4b8a689169e134535aed81bf085c3b647451e", size = 287318 },
    { url = "https://files.pythonhosted.org/packages/cc/61/d01fc49b8dea277640b55a9e15960dbca9fdc8c9fde18e572d39c59f4019/charset_normalizer-3.5.1-py3-none-any.whl", hash = "sha256:6df0ec430f9a831772c23ca5a224cba36517a58a84bb32c32bb59a9fa67c47f6", size = 68658 },
]

[[package]]
name = "idna"
version = "3.19"
source = { registry = "https://pypi.org/simple" }
sdist = { url = "https://files.pythonhosted.org/packages/5f/f7/abb373e5757eaec4b922b92f97ec8d6d7e057cf06778247604fbc4e7c3f3/idna-3.19.tar.gz", hash = "sha256:5e0811a4383b21dc5838069f801c4fb62113b7447663d2530d2bd6e77b49bf15", size = 215237 }
wheels = [
    { url = "https://files.pythonhosted.org/packages/57/b0/0e52c878c53f245edd3a11020f20979b3f490f245af532c7cae3027754b5/idna-3.19-py3-none-any.whl", hash = "sha256:815e7be7a7806d54abb586dc943addc79e8b2ee16915059658cbeff4b1b43bf4", size = 68550 },
]

[[package]]
name = "mlx"
version = "0.32.2"
source = { registry = "https://pypi.org/simple" }
dependencies = [
    { name = "mlx-metal", marker = "sys_platform == 'darwin'" },
]
wheels = [
    { url = "https://files.pythonhosted.org/packages/38/f7/5664e13821491559c953494e6705c818203d6880d713a0c22e12bead9564/mlx-0.32.2-cp312-cp312-macosx_14_0_arm64.whl", hash = "sha256:77217798a2b036bae9f213b851d4cde4581893787c9964458b7d471f86036bd6", size = 619370 },
    { url = "https://files.pythonhosted.org/packages/bc/be/c821eed5b7c13b42c114aec54c757545d6eeecce25d3212ea7d18dd79cfd/mlx-0.32.2-cp312-cp312-macosx_15_0_arm64.whl", hash = "sha256:cf63fd5c32258ab07523b06401c20ee2280bf56e26e991d05bf6fd8a4d42d1f6", size = 619376 },
    { url = "https://files.pythonhosted.org/packages/0b/eb/af6b1a8b45f24d22e4735c52e0696c66233bd477e1b9e9dbbef225bdf88b/mlx-0.32.2-cp312-cp312-macosx_26_0_arm64.whl", hash = "sha256:68560fd648c5bb900aa6f6765cd74c5a8abaf092d97d73584a57b7545966c227", size = 619488 },
    { url = "https://files.pythonhosted.org/packages/42/9c/1acf68f9d27d24bf1abeb0b2cff93155e93af81af2f3f08206f8a32bbf86/mlx-0.32.2-cp312-cp312-manylinux_2_35_aarch64.whl", hash = "sha256:48e8738b078eeb7bfde74931fc02d8aa9c32f05d3c0dbf97b5c3cbe0470fbddf", size = 680208 },
    { url = "https://files.pythonhosted.org/packages/e2/3b/d8cf1d13dd2d434095818cc6d28211e00b891a4a58a07b5ad5f0529a8162/mlx-0.32.2-cp312-cp312-manylinux_2_35_x86_64.whl", hash = "sha256:8d270ade1e48e006383a6b5f33a3a4ec5c265389299a60a60bf55165af1770d9", size = 743277 },
    { url = "https://files.pythonhosted.org/packages/11/3b/f191c8f7ed84d50370fa8e4d390ed747dddd148c03756c8b7d4f7feb9084/mlx-0.32.2-cp312-cp312-win_amd64.whl", hash = "sha256:6c615ad1c6877d7d38affe8526446955cd48d6796e871150f59145cf0d1a265d", size = 620981 },
    { url = "https://files.pythonhosted.org/packages/6d/54/4b8b690a5322a92271214e49480d083f253ab48c81825ade92473828846f/mlx-0.32.2-cp312-cp312-win_arm64.whl", hash = "sha256:65beb9ce75153072808ef18913ecca3d929b87be5d7c1f57d9df391c04b6f957", size = 607910 },
]

[[package]]
name = "mlx-metal"
version = "0.32.2"
source = { registry = "https://pypi.org/simple" }
wheels = [
    { url = "https://files.pythonhosted.org/packages/f7/ab/ba1952908c5d2a5070cf1cfbfea0161c4751ea62299e2776819810917483/mlx_metal-0.32.2-py3-none-macosx_14_0_arm64.whl", hash = "sha256:3825fff379dbc107dd3413e564a06caeaa24819910ec49c0439e454c06a1b9b8", size = 42516623 },
    { url = "https://files.pythonhosted.org/packages/79/ec/34f37376e26d537fadffb99af3a760d6545e37f5e1a30a552baadf237fc5/mlx_metal-0.32.2-py3-none-macosx_15_0_arm64.whl", hash = "sha256:55a369250d220b2cf10213a87a2ac1b1a420608c5b35b1df4e7147ac8e32f121", size = 42512323 },
    { url = "https://files.pythonhosted.org/packages/dd/cd/4e50bf325100e7165e13d025f264362bf0009196269f9eaf87f2c6e738a2/mlx_metal-0.32.2-py3-none-macosx_26_0_arm64.whl", hash = "sha256:e6abeac9ac5265830c9c1541b6f96e9be37a85c2446763a46ad466c63a3837ab", size = 64367860 },
]

[[package]]
name = "modelmux-runtime-yue2-mlx"
version = "0.1.0"
source = { virtual = "." }
dependencies = [
    { name = "mlx" },
    { name = "numpy" },
    { name = "tiktoken" },
]

[package.metadata]
requires-dist = [
    { name = "mlx", specifier = "==0.32.2" },
    { name = "numpy", specifier = "==2.2.6" },
    { name = "tiktoken", specifier = "==0.12.0" },
]

[[package]]
name = "numpy"
version = "2.2.6"
source = { registry = "https://pypi.org/simple" }
sdist = { url = "https://files.pythonhosted.org/packages/76/21/7d2a95e4bba9dc13d043ee156a356c0a8f0c6309dff6b21b4d71a073b8a8/numpy-2.2.6.tar.gz", hash = "sha256:e29554e2bef54a90aa5cc07da6ce955accb83f21ab5de01a62c8478897b264fd", size = 20276440 }
wheels = [
    { url = "https://files.pythonhosted.org/packages/82/5d/c00588b6cf18e1da539b45d3598d3557084990dcc4331960c15ee776ee41/numpy-2.2.6-cp312-cp312-macosx_10_13_x86_64.whl", hash = "sha256:41c5a21f4a04fa86436124d388f6ed60a9343a6f767fced1a8a71c3fbca038ff", size = 20875348 },
    { url = "https://files.pythonhosted.org/packages/66/ee/560deadcdde6c2f90200450d5938f63a34b37e27ebff162810f716f6a230/numpy-2.2.6-cp312-cp312-macosx_11_0_arm64.whl", hash = "sha256:de749064336d37e340f640b05f24e9e3dd678c57318c7289d222a8a2f543e90c", size = 14119362 },
    { url = "https://files.pythonhosted.org/packages/3c/65/4baa99f1c53b30adf0acd9a5519078871ddde8d2339dc5a7fde80d9d87da/numpy-2.2.6-cp312-cp312-macosx_14_0_arm64.whl", hash = "sha256:894b3a42502226a1cac872f840030665f33326fc3dac8e57c607905773cdcde3", size = 5084103 },
    { url = "https://files.pythonhosted.org/packages/cc/89/e5a34c071a0570cc40c9a54eb472d113eea6d002e9ae12bb3a8407fb912e/numpy-2.2.6-cp312-cp312-macosx_14_0_x86_64.whl", hash = "sha256:71594f7c51a18e728451bb50cc60a3ce4e6538822731b2933209a1f3614e9282", size = 6625382 },
    { url = "https://files.pythonhosted.org/packages/f8/35/8c80729f1ff76b3921d5c9487c7ac3de9b2a103b1cd05e905b3090513510/numpy-2.2.6-cp312-cp312-manylinux_2_17_aarch64.manylinux2014_aarch64.whl", hash = "sha256:f2618db89be1b4e05f7a1a847a9c1c0abd63e63a1607d892dd54668dd92faf87", size = 14018462 },
    { url = "https://files.pythonhosted.org/packages/8c/3d/1e1db36cfd41f895d266b103df00ca5b3cbe965184df824dec5c08c6b803/numpy-2.2.6-cp312-cp312-manylinux_2_17_x86_64.manylinux2014_x86_64.whl", hash = "sha256:fd83c01228a688733f1ded5201c678f0c53ecc1006ffbc404db9f7a899ac6249", size = 16527618 },
    { url = "https://files.pythonhosted.org/packages/61/c6/03ed30992602c85aa3cd95b9070a514f8b3c33e31124694438d88809ae36/numpy-2.2.6-cp312-cp312-musllinux_1_2_aarch64.whl", hash = "sha256:37c0ca431f82cd5fa716eca9506aefcabc247fb27ba69c5062a6d3ade8cf8f49", size = 15505511 },
    { url = "https://files.pythonhosted.org/packages/b7/25/5761d832a81df431e260719ec45de696414266613c9ee268394dd5ad8236/numpy-2.2.6-cp312-cp312-musllinux_1_2_x86_64.whl", hash = "sha256:fe27749d33bb772c80dcd84ae7e8df2adc920ae8297400dabec45f0dedb3f6de", size = 18313783 },
    { url = "https://files.pythonhosted.org/packages/57/0a/72d5a3527c5ebffcd47bde9162c39fae1f90138c961e5296491ce778e682/numpy-2.2.6-cp312-cp312-win32.whl", hash = "sha256:4eeaae00d789f66c7a25ac5f34b71a7035bb474e679f410e5e1a94deb24cf2d4", size = 6246506 },
    { url = "https://files.pythonhosted.org/packages/36/fa/8c9210162ca1b88529ab76b41ba02d433fd54fecaf6feb70ef9f124683f1/numpy-2.2.6-cp312-cp312-win_amd64.whl", hash = "sha256:c1f9540be57940698ed329904db803cf7a402f3fc200bfe599334c9bd84a40b2", size = 12614190 },
]

[[package]]
name = "regex"
version = "2026.9.10"
source = { registry = "https://pypi.org/simple" }
sdist = { url = "https://files.pythonhosted.org/packages/b9/5c/f403115361de25809e8f785686ec7096e30fef73be9ae35aa51da4e80abb/regex-2026.9.10.tar.gz", hash = "sha256:1e321e2c84f0e52c457f5ea5944f796d6e8e09cb99738ea98dcc1bfe402a128d", size = 417072 }
wheels = [
    { url = "https://files.pythonhosted.org/packages/32/c8/bfbe893e90ee0148bd2860dd086f09b5d2080ca2b125f740c2e118c16982/regex-2026.9.10-cp312-cp312-macosx_10_13_universal2.whl", hash = "sha256:880ac684c27176464c00c3fdc456116364f5ebc70da07aad0c2d4a7ba45e98db", size = 496609 },
    { url = "https://files.pythonhosted.org/packages/8c/ac/56d5ae6efb759255c3b3db650a4be25f96a844ea3613b91e1e189a3b7294/regex-2026.9.10-cp312-cp312-macosx_10_13_x86_64.whl", hash = "sha256:b9d36b03dc362aa40ffaaec9d9bd75e87763529563ec008c43b0e07782f5be7a", size = 297024 },
    { url = "https://files.pythonhosted.org/packages/60/4b/0f2d5f6bbb791cc10f22f0ed16c487e630dde8fa8fa0bd92a2bfe21a4b20/regex-2026.9.10-cp312-cp312-macosx_11_0_arm64.whl", hash = "sha256:866de9f98df0611d7b62b3a8729d3284a64c0cc6edd90bb95a533e443a4939cb", size = 291905 },
    { url = "https://files.pythonhosted.org/packages/89/51/3fb5fe0d32f4cf0bc982286722c729a8d6f522d2fa2d5d14a702d9fc87f8/regex-2026.9.10-cp312-cp312-manylinux2014_aarch64.manylinux_2_17_aarch64.manylinux_2_28_aarch64.whl", hash = "sha256:4c66d54042a14a503907d81861b8a5235e6d1f03d4fbc1d8767f652eaf957ac1", size = 800055 },
    { url = "https://files.pythonhosted.org/packages/89/46/ee507bd2f9d4420f26a594b35c551d7194b66f5d7897f63730fae6ec05c1/regex-2026.9.10-cp312-cp312-manylinux2014_ppc64le.manylinux_2_17_ppc64le.manylinux_2_28_ppc64le.whl", hash = "sha256:032da15431c890d376f53547f0a6219f4f4cd19f3e4f11bdc321453b5bd207e4", size = 871133 },
    { url = "https://files.pythonhosted.org/packages/d1/75/cbaa90689684f91b1bc017e7f8c6d9425c6bd299108db02482dc51376d8a/regex-2026.9.10-cp312-cp312-manylinux2014_s390x.manylinux_2_17_s390x.manylinux_2_28_s390x.whl", hash = "sha256:23ac9a28180f274d7dd7651fa131ad5b02d343b75df4b040737f0356223895dd", size = 919627 },
    { url = "https://files.pythonhosted.org/packages/cb/f5/dcdf5e0d898024005cfcce631e3e934d111dfbe177ca0b7f253ae8a735a2/regex-2026.9.10-cp312-cp312-manylinux2014_x86_64.manylinux_2_17_x86_64.manylinux_2_28_x86_64.whl", hash = "sha256:2e67f8843f0e4b931f1fa860bf3bbe4134b714c0155cc5c7c0d7ea450230aae0", size = 804587 },
    { url = "https://files.pythonhosted.org/packages/73/70/eedfe81c29bae266a06ab4250978361a9bccd474704d88d4f4ef4506dff8/regex-2026.9.10-cp312-cp312-manylinux_2_31_riscv64.manylinux_2_39_riscv64.whl", hash = "sha256:bb7774924f8cd69f49cba0b3c2d679a6326f777e0e67d130ad5203e4df53f0d3", size = 777320 },
    { url = "https://files.pythonhosted.org/packages/ca/e5/86b207077efbcd91305700488f170b7eb1e1c54721cea74175273aa3b9a4/regex-2026.9.10-cp312-cp312-musllinux_1_2_aarch64.whl", hash = "sha256:0c32480f3371b75068decaf9e5da72c224e953830dd71e36e06cf80e30ea39d8", size = 790572 },
    { url = "https://files.pythonhosted.org/packages/b2/92/f622c3b2323f4c035b98e80221740a442127ad7993135b814f52057430db/regex-2026.9.10-cp312-cp312-musllinux_1_2_ppc64le.whl", hash = "sha256:d2d377fd1cad611b806cdd732d86b65f536c768209890cb442556548daa65a23", size = 865485 },
    { url = "https://files.pythonhosted.org/packages/4a/be/34bd621d3d6ac906ad67e57ed56c40cd45f7d51b9c0328335e97a7cb8ecb/regex-2026.9.10-cp312-cp312-musllinux_1_2_riscv64.whl", hash = "sha256:c014641157e9049b0603b8daa5343bd408d9b757b709aaa0f373cd3fab2d7944", size = 767925 },
    { url = "https://files.pythonhosted.org/packages/0d/28/ddbf7cba86f2adf5038c6c16aa829636ffc6e437f81bb0cbf302899cea5e/regex-2026.9.10-cp312-cp312-musllinux_1_2_s390x.whl", hash = "sha256:1562aabd9d4eb09bd88a62ad97ed06800094b529ac43419e43020b9cefec79b0", size = 858800 },
    { url = "https://files.pythonhosted.org/packages/d0/f1/e8d7656ff3d3bd32e881d32f540b4981c79dee61908d6b790a45966e6895/regex-2026.9.10-cp312-cp312-musllinux_1_2_x86_64.whl", hash = "sha256:2479171edccced52ef02b899558f88ab2c235fe05b93180fdcae1670aacd89e1", size = 791648 },
    { url = "https://files.pythonhosted.org/packages/fc/65/eac1a79115c8475d8ff539602eb54031564d719fdea5a599c4b0a1a26d1b/regex-2026.9.10-cp312-cp312-win32.whl", hash = "sha256:239620b0e0681669367c0e218c8eb2551d9f8fe3b9fccfc8d0003377804e8348", size = 267326 },
    { url = "https://files.pythonhosted.org/packages/ad/d4/4dcd0a05d3e97ca829165df1c39717f899d1d484dac8a6032439f2cb8d6d/regex-2026.9.10-cp312-cp312-win_amd64.whl", hash = "sha256:4db7d00c4afbfbb55b8e17b1e371da11418ea9389b030acec63c1fa4c7ad4b86", size = 277933 },
    { url = "https://files.pythonhosted.org/packages/55/f8/22617a80dee28f2451011eae36bc26b3d78c4994ba87b5281d60acf9b6c0/regex-2026.9.10-cp312-cp312-win_arm64.whl", hash = "sha256:c25a754bb81a2edcfc3b65eda50f017d736f818112ed43e8aafd595cb00678ae", size = 277447 },
]

[[package]]
name = "requests"
version = "2.34.2"
source = { registry = "https://pypi.org/simple" }
dependencies = [
    { name = "certifi" },
    { name = "charset-normalizer" },
    { name = "idna" },
    { name = "urllib3" },
]
sdist = { url = "https://files.pythonhosted.org/packages/ac/c3/e2a2b89f2d3e2179abd6d00ebd70bff6273f37fb3e0cc209f48b39d00cbf/requests-2.34.2.tar.gz", hash = "sha256:f288924cae4e29463698d6d60bc6a4da69c89185ad1e0bcc4104f584e960b9ed", size = 142856 }
wheels = [
    { url = "https://files.pythonhosted.org/packages/a0/f4/c67b0b3f1b9245e8d266f0f112c500d50e5b4e83cb6f3b71b6528104182a/requests-2.34.2-py3-none-any.whl", hash = "sha256:2a0d60c172f83ac6ab31e4554906c0f3b3588d37b5cb939b1c061f4907e278e0", size = 73075 },
]

[[package]]
name = "tiktoken"
version = "0.12.0"
source = { registry = "https://pypi.org/simple" }
dependencies = [
    { name = "regex" },
    { name = "requests" },
]
sdist = { url = "https://files.pythonhosted.org/packages/7d/ab/4d017d0f76ec3171d469d80fc03dfbb4e48a4bcaddaa831b31d526f05edc/tiktoken-0.12.0.tar.gz", hash = "sha256:b18ba7ee2b093863978fcb14f74b3707cdc8d4d4d3836853ce7ec60772139931", size = 37806 }
wheels = [
    { url = "https://files.pythonhosted.org/packages/a4/85/be65d39d6b647c79800fd9d29241d081d4eeb06271f383bb87200d74cf76/tiktoken-0.12.0-cp312-cp312-macosx_10_13_x86_64.whl", hash = "sha256:b97f74aca0d78a1ff21b8cd9e9925714c15a9236d6ceacf5c7327c117e6e21e8", size = 1050728 },
    { url = "https://files.pythonhosted.org/packages/4a/42/6573e9129bc55c9bf7300b3a35bef2c6b9117018acca0dc760ac2d93dffe/tiktoken-0.12.0-cp312-cp312-macosx_11_0_arm64.whl", hash = "sha256:2b90f5ad190a4bb7c3eb30c5fa32e1e182ca1ca79f05e49b448438c3e225a49b", size = 994049 },
    { url = "https://files.pythonhosted.org/packages/66/c5/ed88504d2f4a5fd6856990b230b56d85a777feab84e6129af0822f5d0f70/tiktoken-0.12.0-cp312-cp312-manylinux_2_28_aarch64.whl", hash = "sha256:65b26c7a780e2139e73acc193e5c63ac754021f160df919add909c1492c0fb37", size = 1129008 },
    { url = "https://files.pythonhosted.org/packages/f4/90/3dae6cc5436137ebd38944d396b5849e167896fc2073da643a49f372dc4f/tiktoken-0.12.0-cp312-cp312-manylinux_2_28_x86_64.whl", hash = "sha256:edde1ec917dfd21c1f2f8046b86348b0f54a2c0547f68149d8600859598769ad", size = 1152665 },
    { url = "https://files.pythonhosted.org/packages/a3/fe/26df24ce53ffde419a42f5f53d755b995c9318908288c17ec3f3448313a3/tiktoken-0.12.0-cp312-cp312-musllinux_1_2_aarch64.whl", hash = "sha256:35a2f8ddd3824608b3d650a000c1ef71f730d0c56486845705a8248da00f9fe5", size = 1194230 },
    { url = "https://files.pythonhosted.org/packages/20/cc/b064cae1a0e9fac84b0d2c46b89f4e57051a5f41324e385d10225a984c24/tiktoken-0.12.0-cp312-cp312-musllinux_1_2_x86_64.whl", hash = "sha256:83d16643edb7fa2c99eff2ab7733508aae1eebb03d5dfc46f5565862810f24e3", size = 1254688 },
    { url = "https://files.pythonhosted.org/packages/81/10/b8523105c590c5b8349f2587e2fdfe51a69544bd5a76295fc20f2374f470/tiktoken-0.12.0-cp312-cp312-win_amd64.whl", hash = "sha256:ffc5288f34a8bc02e1ea7047b8d041104791d2ddbf42d1e5fa07822cbffe16bd", size = 878694 },
]

[[package]]
name = "urllib3"
version = "2.7.0"
source = { registry = "https://pypi.org/simple" }
sdist = { url = "https://files.pythonhosted.org/packages/53/0c/06f8b233b8fd13b9e5ee11424ef85419ba0d8ba0b3138bf360be2ff56953/urllib3-2.7.0.tar.gz", hash = "sha256:231e0ec3b63ceb14667c67be60f2f2c40a518cb38b03af60abc813da26505f4c", size = 433602 }
wheels = [
    { url = "https://files.pythonhosted.org/packages/7f/3e/5db95bcf282c52709639744ca2a8b149baccf648e39c8cc87553df9eae0c/urllib3-2.7.0-py3-none-any.whl", hash = "sha256:9fb4c81ebbb1ce9531cce37674bbc6f1360472bc18ca9a553ede278ef7276897", size = 131087 },
]
